github.com/MakeNowJust/heredoc v1.0.0/go.mod h1:mG5amYoWBHf8vpLOuehzbGGw0EHxpZZ6lCpQ4fNJ8LE=
github.com/alecthomas/chroma v0.10.0 h1:7XDcGkCQopCNKjZHfYrNLraA+M7e0fMiJ/Mfikbfjek=
github.com/alecthomas/chroma v0.10.0/go.mod h1:jtJATyUxlIORhUOFNA9NZDWGAQ8wpxQQqNSB4rjA/1s=
github.com/alecthomas/chroma/v2 v2.8.0 h1:w9WJUjFFmHHB2e8mRpL9jjy3alYDlU0QLDezj1xE264=
github.com/alecthomas/chroma/v2 v2.8.0/go.mod h1:yrkMI9807G1ROx13fhe1v6PN2DDeaR73L3d+1nmYQtw=
github.com/atotto/clipboard v0.1.4 h1:EH0zSVneZPSuFR11BlR9YppQTVDbh5+16AmcJi4g1z4=
github.com/atotto/clipboard v0.1.4/go.mod h1:ZY9tmq7sm5xIbd9bOK4onWV4S6X0u6GY7Vn0Yu86PYI=
github.com/aymanbagabas/go-osc52/v2 v2.0.1 h1:HwpRHbFMcZLEVr42D4p7XBqjyuxQH5SMiErDT4WkJ2k=
github.com/aymanbagabas/go-osc52/v2 v2.0.1/go.mod h1:uYgXzlJ7ZpABp8OJ+exZzJJhRNQ2ASbcXHWsFqH8hp8=
github.com/aymerick/douceur v0.2.0 h1:Mv+mAeH1Q+n9Fr+oyamOlAkUNPWPlA8PPGR0QAaYuPk=
github.com/aymerick/douceur v0.2.0/go.mod h1:wlT5vV2O3h55X9m7iVYN0TBM0NH/MmbLnd30/FjWUq4=
github.com/charmbracelet/bubbles v0.10.3 h1:fKarbRaObLn/DCsZO4Y3vKCwRUzynQD9L+gGev1E/ho=
github.com/charmbracelet/bubbles v0.10.3/go.mod h1:jOA+DUF1rjZm7gZHcNyIVW+YrBPALKfpGVdJu8UiJsA=
github.com/charmbracelet/bubbles v0.19.0 h1:gKZkKXPP6GlDk6EcfujDK19PCQqRjaJZQ7QRERx1UF0=
github.com/charmbracelet/bubbles v0.19.0/go.mod h1:WILteEqZ+krG5c3ntGEMeG99nCupcuIk7V0/zOP0tOA=
github.com/charmbracelet/bubbletea v0.19.3/go.mod h1:VuXF2pToRxDUHcBUcPmCRUHRvFATM4Ckb/ql1rBl3KA=
github.com/charmbracelet/bubbletea v0.20.0 h1:/b8LEPgCbNr7WWZ2LuE/BV1/r4t5PyYJtDb+J3vpwxc=
github.com/charmbracelet/bubbletea v0.20.0/go.mod h1:zpkze1Rioo4rJELjRyGlm9T2YNou1Fm4LIJQSa5QMEM=
github.com/charmbracelet/bubbletea v0.27.0 h1:Mznj+vvYuYagD9Pn2mY7fuelGvP0HAXtZYGgRBCbHvU=
github.com/charmbracelet/bubbletea v0.27.0/go.mod h1:5MdP9XH6MbQkgGhnlxUqCNmBXf9I74KRQ8HIidRxV1Y=
github.com/charmbracelet/glamour v0.5.0 h1:wu15ykPdB7X6chxugG/NNfDUbyyrCLV9XBalj5wdu3g=
github.com/charmbracelet/glamour v0.5.0/go.mod h1:9ZRtG19AUIzcTm7FGLGbq3D5WKQ5UyZBbQsMQN0XIqc=
github.com/charmbracelet/glamour v0.5.1-0.20220727184942-e70ff2d969da h1:FGz53GWQRiKQ/5xUsoCCkewSQIC7u81Scaxx2nUy3nM=
github.com/charmbracelet/glamour v0.5.1-0.20220727184942-e70ff2d969da/go.mod h1:HXz79SMFnF9arKxqeoHWxmo1BhplAH7wehlRhKQIL94=
github.com/charmbracelet/glamour v0.7.0 h1:2BtKGZ4iVJCDfMF229EzbeR1QRKLWztO9dMtjmqZSng=
github.com/charmbracelet/glamour v0.7.0/go.mod h1:jUMh5MeihljJPQbJ/wf4ldw2+yBP59+ctV36jASy7ps=
github.com/charmbracelet/harmonica v0.1.0/go.mod h1:KSri/1RMQOZLbw7AHqgcBycp8pgJnQMYYT8QZRqZ1Ao=
github.com/charmbracelet/lipgloss v0.4.0/go.mod h1:vmdkHvce7UzX6xkyf4cca8WlwdQ5RQr8fzta+xl7BOM=
github.com/charmbracelet/lipgloss v0.5.0 h1:lulQHuVeodSgDez+3rGiuxlPVXSnhth442DATR2/8t8=
github.com/charmbracelet/lipgloss v0.5.0/go.mod h1:EZLha/HbzEt7cYqdFPovlqy5FZPj0xFhg5SaqxScmgs=
github.com/charmbracelet/lipgloss v0.10.1-0.20240413172830-d0be07ea6b9c/go.mod h1:EPP2QJ0ectp3zo6gx9f8oJGq8keirqPJ3XpYEI8wrrs=
github.com/charmbracelet/lipgloss v0.12.1 h1:/gmzszl+pedQpjCOH+wFkZr/N90Snz40J/NR7A0zQcs=
github.com/charmbracelet/lipgloss v0.12.1/go.mod h1:V2CiwIuhx9S1S1ZlADfOj9HmxeMAORuz5izHb0zGbB8=
github.com/charmbracelet/x/ansi v0.1.4 h1:IEU3D6+dWwPSgZ6HBH+v6oUuZ/nVawMiWj5831KfiLM=
github.com/charmbracelet/x/ansi v0.1.4/go.mod h1:dk73KoMTT5AX5BsX0KrqhsTqAnhZZoCBjs7dGWp4Ktw=
github.com/charmbracelet/x/input v0.1.0 h1:TEsGSfZYQyOtp+STIjyBq6tpRaorH0qpwZUj8DavAhQ=
github.com/charmbracelet/x/input v0.1.0/go.mod h1:ZZwaBxPF7IG8gWWzPUVqHEtWhc1+HXJPNuerJGRGZ28=
github.com/charmbracelet/x/term v0.1.1 h1:3cosVAiPOig+EV4X9U+3LDgtwwAoEzJjNdwbXDjF6yI=
github.com/charmbracelet/x/term v0.1.1/go.mod h1:wB1fHt5ECsu3mXYusyzcngVWWlu1KKUmmLhfgr/Flxw=
github.com/charmbracelet/x/windows v0.1.0 h1:gTaxdvzDM5oMa/I2ZNF7wN78X/atWemG9Wph7Ika2k4=
github.com/charmbracelet/x/windows v0.1.0/go.mod h1:GLEO/l+lizvFDBPLIOk+49gdX49L9YWMB5t+DZd0jkQ=
github.com/cli/go-gh v0.0.3 h1:GcVgUa7q0SeauIRbch3VSUXVij6+c49jtAHv7WuWj5c=
github.com/cli/go-gh v0.0.3/go.mod h1:J1eNgrPJYAUy7TwPKj7GW1ibqI+WCiMndtyzrCyZIiQ=
github.com/cli/go-gh v1.2.1 h1:xFrjejSsgPiwXFP6VYynKWwxLQcNJy3Twbu82ZDlR/o=
github.com/cli/go-gh v1.2.1/go.mod h1:Jxk8X+TCO4Ui/GarwY9tByWm/8zp4jJktzVZNlTW5VM=
github.com/cli/go-gh/v2 v2.9.0 h1:D3lTjEneMYl54M+WjZ+kRPrR5CEJ5BHS05isBPOV3LI=
github.com/cli/go-gh/v2 v2.9.0/go.mod h1:MeRoKzXff3ygHu7zP+NVTT+imcHW6p3tpuxHAzRM2xE=
github.com/cli/safeexec v1.0.0 h1:0VngyaIyqACHdcMNWfo6+KdUYnqEr2Sg+bSP1pdF+dI=
github.com/cli/safeexec v1.0.0/go.mod h1:Z/D4tTN8Vs5gXYHDCbaM1S/anmEDnJb1iW0+EJ5zx3Q=
github.com/cli/shurcooL-graphql v0.0.1 h1:/9J3t9O6p1B8zdBBtQighq5g7DQRItBwuwGh3SocsKM=
github.com/cli/shurcooL-graphql v0.0.1/go.mod h1:U7gCSuMZP/Qy7kbqkk5PrqXEeDgtfG5K+W+u8weorps=
github.com/cli/shurcooL-graphql v0.0.2 h1:rwP5/qQQ2fM0TzkUTwtt6E2LbIYf6R+39cUXTa04NYk=
github.com/cli/shurcooL-graphql v0.0.2/go.mod h1:tlrLmw/n5Q/+4qSvosT+9/W5zc8ZMjnJeYBxSdb4nWA=
github.com/cli/shurcooL-graphql v0.0.4 h1:6MogPnQJLjKkaXPyGqPRXOI2qCsQdqNfUY1QSJu2GuY=
github.com/cli/shurcooL-graphql v0.0.4/go.mod h1:3waN4u02FiZivIV+p1y4d0Jo1jc6BViMA73C+sZo2fk=
github.com/containerd/console v1.0.2/go.mod h1:ytZPjGgY2oeTkAONYafi2kSj0aYggsf8acV1PGKCbzQ=
github.com/containerd/console v1.0.3 h1:lIr7SlA5PxZyMV30bDW0MGbiOPXwc63yRuCP0ARubLw=
github.com/containerd/console v1.0.3/go.mod h1:7LqA/THxQ86k76b8c/EMSiaJ3h1eZkMkXar0TQ1gf3U=
github.com/davecgh/go-spew v1.1.0/go.mod h1:J7Y8YcW2NihsgmVo/mv3lAwl/skON4iLHjSsI+c5H38=
github.com/davecgh/go-spew v1.1.1/go.mod h1:J7Y8YcW2NihsgmVo/mv3lAwl/skON4iLHjSsI+c5H38=
github.com/dlclark/regexp2 v1.4.0 h1:F1rxgk7p4uKjwIQxBs9oAXe5CqrXlCduYEJvrF4u93E=
github.com/dlclark/regexp2 v1.4.0/go.mod h1:2pZnwuY/m+8K6iRw6wQdMtk+rH5tNGR1i55kozfMjCc=
github.com/erikgeiser/coninput v0.0.0-20211004153227-1c3628e74d0f h1:Y/CXytFA4m6baUTXGLOoWe4PQhGxaX0KpnayAqC48p4=
github.com/erikgeiser/coninput v0.0.0-20211004153227-1c3628e74d0f/go.mod h1:vw97MGsxSvLiUE2X8qFplwetxpGLQrlU1Q9AUEIzCaM=
github.com/gorilla/css v1.0.0 h1:BQqNyPTi50JCFMTw/b67hByjMVXZRwGha6wxVGkeihY=
github.com/gorilla/css v1.0.0/go.mod h1:Dn721qIggHpt4+EFCcTLTU/vk5ySda2ReITrtgBl60c=
github.com/henvic/httpretty v0.0.6 h1:JdzGzKZBajBfnvlMALXXMVQWxWMF/ofTy8C3/OSUTxs=
github.com/henvic/httpretty v0.0.6/go.mod h1:X38wLjWXHkXT7r2+uK8LjCMne9rsuNaBLJ+5cU2/Pmo=
github.com/kr/pretty v0.1.0/go.mod h1:dAy3ld7l9f0ibDNOQOHHMYYIIbhfbHSm3C4ZsoJORNo=
github.com/kr/pty v1.1.1/go.mod h1:pFQYn66WHrOpPYNljwOMqo10TkYh1fy3cYio2l3bCsQ=
github.com/kr/text v0.1.0/go.mod h1:4Jbv+DJW3UT/LiOwJeYQe1efqtUx/iVham/4vfdArNI=
github.com/kylelemons/godebug v1.1.0/go.mod h1:9/0rRGxNHcop5bhtWyNeEfOS8JIWk580+fNqagV/RAw=
github.com/lucasb-eyer/go-colorful v1.2.0 h1:1nnpGOrhyZZuNyfu1QjKiUICQ74+3FNCN69Aj6K7nkY=
github.com/lucasb-eyer/go-colorful v1.2.0/go.mod h1:R4dSotOR9KMtayYi1e77YzuveK+i7ruzyGqttikkLy0=
github.com/mattn/go-isatty v0.0.13/go.mod h1:cbi8OIDigv2wuxKPP5vlRcQ1OAZbq2CE4Kysco4FUpU=
github.com/mattn/go-isatty v0.0.14 h1:yVuAays6BHfxijgZPzw+3Zlu5yQgKGP2/hcQbHb7S9Y=
github.com/mattn/go-isatty v0.0.14/go.mod h1:7GGIvUiUoEMVVmxf/4nioHXj79iQHKdU27kJ6hsGG94=
github.com/mattn/go-isatty v0.0.16 h1:bq3VjFmv/sOjHtdEhmkEV4x1AJtvUvOJ2PFAZ5+peKQ=
github.com/mattn/go-isatty v0.0.16/go.mod h1:kYGgaQfpe5nmfYZH+SKPsOc2e4SrIfOl2e/yFXSvRLM=
github.com/mattn/go-isatty v0.0.20 h1:xfD0iDuEKnDkl03q4limB+vH+GxLEtL/jb4xVJSWWEY=
github.com/mattn/go-isatty v0.0.20/go.mod h1:W+V8PltTTMOvKvAeJH7IuucS94S2C6jfK/D7dTCTo3Y=
github.com/mattn/go-localereader v0.0.1 h1:ygSAOl7ZXTx4RdPYinUpg6W99U8jWvWi9Ye2JC/oIi4=
github.com/mattn/go-localereader v0.0.1/go.mod h1:8fBrzywKY7BI3czFoHkuzRoWE9C+EiG4R1k4Cjx5p88=
github.com/mattn/go-runewidth v0.0.9/go.mod h1:H031xJmbD/WCDINGzjvQ9THkh0rPKHF+m2gUSrubnMI=
github.com/mattn/go-runewidth v0.0.10/go.mod h1:RAqKPSqVFrSLVXbA8x7dzmKdmGzieGRCM46jaSJTDAk=
github.com/mattn/go-runewidth v0.0.12/go.mod h1:RAqKPSqVFrSLVXbA8x7dzmKdmGzieGRCM46jaSJTDAk=
github.com/mattn/go-runewidth v0.0.13 h1:lTGmDsbAYt5DmK6OnoV7EuIF1wEIFAcxld6ypU4OSgU=
github.com/mattn/go-runewidth v0.0.13/go.mod h1:Jdepj2loyihRzMpdS35Xk/zdY8IAYHsh153qUoGf23w=
github.com/mattn/go-runewidth v0.0.15/go.mod h1:Jdepj2loyihRzMpdS35Xk/zdY8IAYHsh153qUoGf23w=
github.com/mattn/go-runewidth v0.0.16 h1:E5ScNMtiwvlvB5paMFdw9p4kSQzbXFikJ5SQO6TULQc=
github.com/mattn/go-runewidth v0.0.16/go.mod h1:Jdepj2loyihRzMpdS35Xk/zdY8IAYHsh153qUoGf23w=
github.com/microcosm-cc/bluemonday v1.0.17/go.mod h1:Z0r70sCuXHig8YpBzCc5eGHAap2K7e/u082ZUpDRRqM=
github.com/microcosm-cc/bluemonday v1.0.19/go.mod h1:QNzV2UbLK2/53oIIwTOyLUSABMkjZ4tqiyC1g/DyqxE=
github.com/microcosm-cc/bluemonday v1.0.21 h1:dNH3e4PSyE4vNX+KlRGHT5KrSvjeUkoNPwEORjffHJg=
github.com/microcosm-cc/bluemonday v1.0.21/go.mod h1:ytNkv4RrDrLJ2pqlsSI46O6IVXmZOBBD4SaJyDwwTkM=
github.com/microcosm-cc/bluemonday v1.0.26 h1:xbqSvqzQMeEHCqMi64VAs4d8uy6Mequs3rQ0k/Khz58=
github.com/microcosm-cc/bluemonday v1.0.26/go.mod h1:JyzOCs9gkyQyjs+6h10UEVSe02CGwkhd72Xdqh78TWs=
github.com/muesli/ansi v0.0.0-20211018074035-2e021307bc4b h1:1XF24mVaiu7u+CFywTdcDo2ie1pzzhwjt6RHqzpMU34=
github.com/muesli/ansi v0.0.0-20211018074035-2e021307bc4b/go.mod h1:fQuZ0gauxyBcmsdE3ZT4NasjaRdxmbCS0jRHsrWu3Ho=
github.com/muesli/ansi v0.0.0-20230316100256-276c6243b2f6 h1:ZK8zHtRHOkbHy6Mmr5D264iyp3TiX5OmNcI5cIARiQI=
github.com/muesli/ansi v0.0.0-20230316100256-276c6243b2f6/go.mod h1:CJlz5H+gyd6CUWT45Oy4q24RdLyn7Md9Vj2/ldJBSIo=
github.com/muesli/cancelreader v0.2.2 h1:3I4Kt4BQjOR54NavqnDogx/MIoWBFa0StPA8ELUXHmA=
github.com/muesli/cancelreader v0.2.2/go.mod h1:3XuTXfFS2VjM+HTLZY9Ak0l6eUKfijIfMUZ4EgX0QYo=
github.com/muesli/reflow v0.2.1-0.20210115123740-9e1d0d53df68/go.mod h1:Xk+z4oIWdQqJzsxyjgl3P22oYZnHdZ8FFTHAQQt5BMQ=
github.com/muesli/reflow v0.3.0 h1:IFsN6K9NfGtjeggFP+68I4chLZV2yIKsXJFNZ+eWh6s=
github.com/muesli/reflow v0.3.0/go.mod h1:pbwTDkVPibjO2kyvBQRBxTWEEGDGq0FlB1BIKtnHY/8=
github.com/muesli/termenv v0.9.0/go.mod h1:R/LzAKf+suGs4IsO95y7+7DpFHO0KABgnZqtlyx2mBw=
github.com/muesli/termenv v0.11.0/go.mod h1:Bd5NYQ7pd+SrtBSrSNoBBmXlcY8+Xj4BMJgh8qcZrvs=
github.com/muesli/termenv v0.11.1-0.20220204035834-5ac8409525e0/go.mod h1:Bd5NYQ7pd+SrtBSrSNoBBmXlcY8+Xj4BMJgh8qcZrvs=
github.com/muesli/termenv v0.11.1-0.20220212125758-44cd13922739 h1:QANkGiGr39l1EESqrE0gZw0/AJNYzIvoGLhIoVYtluI=
github.com/muesli/termenv v0.11.1-0.20220212125758-44cd13922739/go.mod h1:Bd5NYQ7pd+SrtBSrSNoBBmXlcY8+Xj4BMJgh8qcZrvs=
github.com/muesli/termenv v0.12.0 h1:KuQRUE3PgxRFWhq4gHvZtPSLCGDqM5q/cYr1pZ39ytc=
github.com/muesli/termenv v0.12.0/go.mod h1:WCCv32tusQ/EEZ5S8oUIIrC/nIuBcxCVqlN4Xfkv+7A=
github.com/muesli/termenv v0.15.2 h1:GohcuySI0QmI3wN8Ok9PtKGkgkFIk7y6Vpb5PvrY+Wo=
github.com/muesli/termenv v0.15.2/go.mod h1:Epx+iuz8sNs7mNKhxzH4fWXGNpZwUaJKRS1noLXviQ8=
github.com/olekukonko/tablewriter v0.0.5 h1:P2Ga83D34wi1o9J6Wh1mRuqd4mF/x/lgBS7N7AbDhec=
github.com/olekukonko/tablewriter v0.0.5/go.mod h1:hPp6KlRPjbx+hW8ykQs1w3UBbZlj6HuIJcUGPhkA7kY=
github.com/pkg/errors v0.9.1/go.mod h1:bwawxfHBFNV+L2hUp1rHADufV3IMtnDRdf1r5NINEl0=
github.com/pmezard/go-difflib v1.0.0/go.mod h1:iKH77koFhYxTK1pcRnkKkqfTogsbg7gZNVY4sRDYZ/4=
github.com/rivo/uniseg v0.1.0/go.mod h1:J6wj4VEh+S6ZtnVlnTBMWIodfgj8LQOQFoIToxlJtxc=
github.com/rivo/uniseg v0.2.0 h1:S1pD9weZBuJdFmowNwbpi7BJ8TNftyUImj/0WQi72jY=
github.com/rivo/uniseg v0.2.0/go.mod h1:J6wj4VEh+S6ZtnVlnTBMWIodfgj8LQOQFoIToxlJtxc=
github.com/rivo/uniseg v0.4.7 h1:WUdvkW8uEhrYfLC4ZzdpI2ztxP1I582+49Oc5Mq64VQ=
github.com/rivo/uniseg v0.4.7/go.mod h1:FN3SvrM+Zdj16jyLfmOkMNblXMcoc8DfTHruCPUcx88=
github.com/sahilm/fuzzy v0.1.0/go.mod h1:VFvziUEIMCrT6A6tw2RFIXPXXmzXbOsSHF0DOI8ZK9Y=
github.com/shurcooL/githubv4 v0.0.0-20240727222349-48295856cce7 h1:cYCy18SHPKRkvclm+pWm1Lk4YrREb4IOIb/YdFO0p2M=
github.com/shurcooL/githubv4 v0.0.0-20240727222349-48295856cce7/go.mod h1:zqMwyHmnN/eDOZOdiTohqIUKUrTFX62PNlu7IJdu0q8=
github.com/shurcooL/graphql v0.0.0-20200928012149-18c5c3165e3a h1:KikTa6HtAK8cS1qjvUvvq4QO21QnwC+EfvB+OAuZ/ZU=
github.com/shurcooL/graphql v0.0.0-20200928012149-18c5c3165e3a/go.mod h1:AuYgA5Kyo4c7HfUmvRGs/6rGlMMV/6B1bVnB9JxJEEg=
github.com/shurcooL/graphql v0.0.0-20230722043721-ed46e5a46466 h1:17JxqqJY66GmZVHkmAsGEkcIu0oCe3AM420QDgGwZx0=
github.com/shurcooL/graphql v0.0.0-20230722043721-ed46e5a46466/go.mod h1:9dIRpgIY7hVhoqfe0/FcYp0bpInZaT7dc3BYOprrIUE=
github.com/stretchr/objx v0.1.0/go.mod h1:HFkY916IF+rwdDfMAkV7OtwuqBVzrE8GR6GFx+wExME=
github.com/stretchr/testify v1.7.0/go.mod h1:6Fq8oRcR53rry900zMqJjRRixrwX3KX962/h/Wwjteg=
github.com/thlib/go-timezone-local v0.0.0-20210907160436-ef149e42d28e h1:BuzhfgfWQbX0dWzYzT1zsORLnHRv3bcRcsaUk0VmXA8=
github.com/thlib/go-timezone-local v0.0.0-20210907160436-ef149e42d28e/go.mod h1:/Tnicc6m/lsJE0irFMA0LfIwTBo4QP7A8IfyIv4zZKI=
github.com/xo/terminfo v0.0.0-20220910002029-abceb7e1c41e h1:JVG44RsyaB9T2KIHavMF/ppJZNG9ZpyihvCd0w101no=
github.com/xo/terminfo v0.0.0-20220910002029-abceb7e1c41e/go.mod h1:RbqR21r5mrJuqunuUZ/Dhy/avygyECGrLceyNeo4LiM=
github.com/yuin/goldmark v1.2.1/go.mod h1:3hX8gzYuyVAZsxl0MRgGTJEmQBFcNTphYh9decYSb74=
github.com/yuin/goldmark v1.3.7/go.mod h1:mwnBkeHKe2W/ZEtQ+71ViKU8L12m81fl3OWwC1Zlc8k=
github.com/yuin/goldmark v1.4.4 h1:zNWRjYUW32G9KirMXYHQHVNFkXvMI7LpgNW2AgYAoIs=
github.com/yuin/goldmark v1.4.4/go.mod h1:rmuwmfZ0+bvzB24eSC//bk1R1Zp3hM0OXYv/G2LIilg=
github.com/yuin/goldmark v1.5.4 h1:2uY/xC0roWy8IBEGLgB1ywIoEJFGmRrX21YQcvGZzjU=
github.com/yuin/goldmark v1.5.4/go.mod h1:6yULJ656Px+3vBD8DxQVa3kxgyrAnzto9xy5taEt/CY=
github.com/yuin/goldmark-emoji v1.0.1 h1:ctuWEyzGBwiucEqxzwe0SOYDXPAucOrE9NQC18Wa1os=
github.com/yuin/goldmark-emoji v1.0.1/go.mod h1:2w1E6FEWLcDQkoTE+7HU6QF1F6SLlNGjRIBbIZQFqkQ=
github.com/yuin/goldmark-emoji v1.0.2 h1:c/RgTShNgHTtc6xdz2KKI74jJr6rWi7FPgnP9GAsO5s=
github.com/yuin/goldmark-emoji v1.0.2/go.mod h1:RhP/RWpexdp+KHs7ghKnifRoIs/Bq4nDS7tRbCkOwKY=
golang.org/x/net v0.0.0-20210614182718-04defd469f4e/go.mod h1:9nx3DQGgdP8bBQD5qxJ1jj9UTztislL4KSBs9R2vV5Y=
golang.org/x/net v0.0.0-20211112202133-69e39bad7dc2/go.mod h1:9nx3DQGgdP8bBQD5qxJ1jj9UTztislL4KSBs9R2vV5Y=
golang.org/x/net v0.0.0-20220923203811-8be639271d50/go.mod h1:YDH+HFinaLZZlnHAfSS6ZXJJ9M9t4Dl22yv3iI2vPwk=
golang.org/x/net v0.0.0-20221002022538-bcab6841153b h1:6e93nYa3hNqAvLr0pD4PN1fFS+gKzp2zAXqrnTCstqU=
golang.org/x/net v0.0.0-20221002022538-bcab6841153b/go.mod h1:YDH+HFinaLZZlnHAfSS6ZXJJ9M9t4Dl22yv3iI2vPwk=
golang.org/x/net v0.7.0 h1:rJrUqqhjsgNp7KqAIc25s9pZnjU7TUcSY7HcVZjdn1g=
golang.org/x/net v0.7.0/go.mod h1:2Tu9+aMcznHK/AK1HMvgo6xiTLG5rD5rZLDS+rp2Bjs=
golang.org/x/net v0.17.0 h1:pVaXccu2ozPjCXewfr1S7xza/zcXTity9cCdXQYSjIM=
golang.org/x/net v0.17.0/go.mod h1:NxSsAGuq816PNPmqtQdLE42eU2Fs7NoRIZrHJAlaCOE=
golang.org/x/oauth2 v0.22.0 h1:BzDx2FehcG7jJwgWLELCdmLuxk2i+x9UDpSiss2u0ZA=
golang.org/x/oauth2 v0.22.0/go.mod h1:XYTD2NtWslqkgxebSiOHnXEap4TF09sJSc7H1sXbhtI=
golang.org/x/sync v0.8.0 h1:3NFvSEYkUoMifnESzZl15y791HH1qU2xm6eCJU5ZPXQ=
golang.org/x/sync v0.8.0/go.mod h1:Czt+wKu1gCyEFDUtn0jG5QVvpJ6rzVqr5aXyt9drQfk=
golang.org/x/sys v0.0.0-20200116001909-b77594299b42/go.mod h1:h1NjWce9XRLGQEsW7wpKNCjG9DtNlClVuFLEZdDNbEs=
golang.org/x/sys v0.0.0-20201119102817-f84b799fce68/go.mod h1:h1NjWce9XRLGQEsW7wpKNCjG9DtNlClVuFLEZdDNbEs=
golang.org/x/sys v0.0.0-20210119212857-b64e53b001e4/go.mod h1:h1NjWce9XRLGQEsW7wpKNCjG9DtNlClVuFLEZdDNbEs=
golang.org/x/sys v0.0.0-20210124154548-22da62e12c0c/go.mod h1:h1NjWce9XRLGQEsW7wpKNCjG9DtNlClVuFLEZdDNbEs=
golang.org/x/sys v0.0.0-20210423082822-04245dca01da/go.mod h1:h1NjWce9XRLGQEsW7wpKNCjG9DtNlClVuFLEZdDNbEs=
golang.org/x/sys v0.0.0-20210615035016-665e8c7367d1/go.mod h1:oPkhp1MJrh7nUepCBck5+mAzfO9JrbApNNgaTdGDITg=
golang.org/x/sys v0.0.0-20210630005230-0f9fa26af87c/go.mod h1:oPkhp1MJrh7nUepCBck5+mAzfO9JrbApNNgaTdGDITg=
golang.org/x/sys v0.0.0-20210809222454-d867a43fc93e/go.mod h1:oPkhp1MJrh7nUepCBck5+mAzfO9JrbApNNgaTdGDITg=
golang.org/x/sys v0.0.0-20210831042530-f4d43177bf5e/go.mod h1:oPkhp1MJrh7nUepCBck5+mAzfO9JrbApNNgaTdGDITg=
golang.org/x/sys v0.0.0-20220209214540-3681064d5158/go.mod h1:oPkhp1MJrh7nUepCBck5+mAzfO9JrbApNNgaTdGDITg=
golang.org/x/sys v0.0.0-20220728004956-3c1f35247d10 h1:WIoqL4EROvwiPdUtaip4VcDdpZ4kha7wBWZrbVKCIZg=
golang.org/x/sys v0.0.0-20220728004956-3c1f35247d10/go.mod h1:oPkhp1MJrh7nUepCBck5+mAzfO9JrbApNNgaTdGDITg=
golang.org/x/sys v0.0.0-20220811171246-fbc7d0a398ab/go.mod h1:oPkhp1MJrh7nUepCBck5+mAzfO9JrbApNNgaTdGDITg=
golang.org/x/sys v0.5.0 h1:MUK/U/4lj1t1oPg0HfuXDN/Z1wv31ZJ/YcPiGccS4DU=
golang.org/x/sys v0.5.0/go.mod h1:oPkhp1MJrh7nUepCBck5+mAzfO9JrbApNNgaTdGDITg=
golang.org/x/sys v0.6.0/go.mod h1:oPkhp1MJrh7nUepCBck5+mAzfO9JrbApNNgaTdGDITg=
golang.org/x/sys v0.19.0/go.mod h1:/VUhepiaJMQUp4+oa/7Zr1D23ma6VTLIYjOOTFZPUcA=
golang.org/x/sys v0.24.0 h1:Twjiwq9dn6R1fQcyiK+wQyHWfaz/BJB+YIpzU/Cv3Xg=
golang.org/x/sys v0.24.0/go.mod h1:/VUhepiaJMQUp4+oa/7Zr1D23ma6VTLIYjOOTFZPUcA=
golang.org/x/term v0.0.0-20201126162022-7de9c90e9dd1/go.mod h1:bj7SfCRtBDWHUb9snDiAeCFNEtKQo2Wmx5Cou7ajbmo=
golang.org/x/term v0.0.0-20210422114643-f5beecf764ed/go.mod h1:bj7SfCRtBDWHUb9snDiAeCFNEtKQo2Wmx5Cou7ajbmo=
golang.org/x/term v0.0.0-20210927222741-03fcf44c2211 h1:JGgROgKl9N8DuW20oFS5gxc+lE67/N3FcwmBPMe7ArY=
golang.org/x/term v0.0.0-20210927222741-03fcf44c2211/go.mod h1:jbD1KX2456YbFQfuXm/mYQcufACuNUgVhRMnK/tPxf8=
golang.org/x/term v0.5.0 h1:n2a8QNdAb0sZNpU9R1ALUXBbY+w51fCQDN+7EdxNBsY=
golang.org/x/term v0.5.0/go.mod h1:jMB1sMXY+tzblOD4FWmEbocvup2/aLOaQEp7JmGp78k=
golang.org/x/term v0.13.0 h1:bb+I9cTfFazGW51MZqBVmZy7+JEJMouUHTUSKVQLBek=
golang.org/x/term v0.13.0/go.mod h1:LTmsnFJwVN6bCy1rVCoS+qHT1HhALEFxKncY3WNNh4U=
golang.org/x/text v0.3.6/go.mod h1:5Zoc/QRtKVWzQhOtBMvqHzDpF6irO9z98xDceosuGiQ=
golang.org/x/text v0.3.7/go.mod h1:u+2+/6zg+i71rQMx5EYifcz6MCKuco9NR6JIITiCfzQ=
golang.org/x/text v0.13.0 h1:ablQoSUd0tRdKxZewP80B+BaqeKJuVhuRxj/dkrun3k=
golang.org/x/text v0.13.0/go.mod h1:TvPlkZtksWOMsz7fbANvkp4WM8x/WCo/om8BMLbz+aE=
golang.org/x/tools v0.0.0-20180917221912-90fa682c2a6e/go.mod h1:n7NCudcB/nEzxVGmLbDWY5pfWTLqBcC2KZ6jyYvM4mQ=
gopkg.in/check.v1 v0.0.0-20161208181325-20d25e280405/go.mod h1:Co6ibVJAznAaIkqp8huTwlJQCZ016jof/cbN4VW5Yz0=
gopkg.in/check.v1 v1.0.0-20180628173108-788fd7840127/go.mod h1:Co6ibVJAznAaIkqp8huTwlJQCZ016jof/cbN4VW5Yz0=
gopkg.in/yaml.v3 v3.0.0-20200313102051-9f266ea9e77c/go.mod h1:K4uyk7z7BCEPqu6E+C64Yfv1cQ7kz7rIZviUmN+EgEM=
gopkg.in/yaml.v3 v3.0.0-20210107192922-496545a6307b h1:h8qDotaEPuJATrMmW04NCwg7v22aHH28wwpauUhK9Oo=
gopkg.in/yaml.v3 v3.0.0-20210107192922-496545a6307b/go.mod h1:K4uyk7z7BCEPqu6E+C64Yfv1cQ7kz7rIZviUmN+EgEM=
gopkg.in/yaml.v3 v3.0.1 h1:fxVm/GzAzEWqLHuvctI91KS9hhNmmWOoWu0XTYJS7CA=
gopkg.in/yaml.v3 v3.0.1/go.mod h1:K4uyk7z7BCEPqu6E+C64Yfv1cQ7kz7rIZviUmN+EgEM=
